// !$*UTF8*$!
{
	archiveVersion = 1;
	classes = {
	};
	objectVersion = 46;
	objects = {

/* Begin PBXBuildFile section */
		905294441DF17446006F7029 /* main.m in Sources */ = {isa = PBXBuildFile; fileRef = 905294431DF17446006F7029 /* main.m */; };
		905294471DF17446006F7029 /* AppDelegate.m in Sources */ = {isa = PBXBuildFile; fileRef = 905294461DF17446006F7029 /* AppDelegate.m */; };
		9052944A1DF17446006F7029 /* ViewController.m in Sources */ = {isa = PBXBuildFile; fileRef = 905294491DF17446006F7029 /* ViewController.m */; };
		9052944D1DF17446006F7029 /* Main.storyboard in Resources */ = {isa = PBXBuildFile; fileRef = 9052944B1DF17446006F7029 /* Main.storyboard */; };
		905294501DF17446006F7029 /* PracticeTest.xcdatamodeld in Sources */ = {isa = PBXBuildFile; fileRef = 9052944E1DF17446006F7029 /* PracticeTest.xcdatamodeld */; };
		905294521DF17447006F7029 /* Assets.xcassets in Resources */ = {isa = PBXBuildFile; fileRef = 905294511DF17447006F7029 /* Assets.xcassets */; };
		905294551DF17447006F7029 /* LaunchScreen.storyboard in Resources */ = {isa = PBXBuildFile; fileRef = 905294531DF17447006F7029 /* LaunchScreen.storyboard */; };
/* End PBXBuildFile section */

/* Begin PBXFileReference section */
		9052943F1DF17446006F7029 /* PracticeTest.app */ = {isa = PBXFileReference; explicitFileType = wrapper.application; includeInIndex = 0; path = PracticeTest.app; sourceTree = BUILT_PRODUCTS_DIR; };
		905294431DF17446006F7029 /* main.m */ = {isa = PBXFileReference; lastKnownFileType = sourcecode.c.objc; path = main.m; sourceTree = "<group>"; };
		905294451DF17446006F7029 /* AppDelegate.h */ = {isa = PBXFileReference; lastKnownFileType = sourcecode.c.h; path = AppDelegate.h; sourceTree = "<group>"; };
		905294461DF17446006F7029 /* AppDelegate.m */ = {isa = PBXFileReference; lastKnownFileType = sourcecode.c.objc; path = AppDelegate.m; sourceTree = "<group>"; };
		905294481DF17446006F7029 /* ViewController.h */ = {isa = PBXFileReference; lastKnownFileType = sourcecode.c.h; path = ViewController.h; sourceTree = "<group>"; };
		905294491DF17446006F7029 /* ViewController.m */ = {isa = PBXFileReference; lastKnownFileType = sourcecode.c.objc; path = ViewController.m; sourceTree = "<group>"; };
		9052944C1DF17446006F7029 /* Base */ = {isa = PBXFileReference; lastKnownFileType = file.storyboard; name = Base; path = Base.lproj/Main.storyboard; sourceTree = "<group>"; };
		9052944F1DF17446006F7029 /* PracticeTest.xcdatamodel */ = {isa = PBXFileReference; lastKnownFileType = wrapper.xcdatamodel; path = PracticeTest.xcdatamodel; sourceTree = "<group>"; };
		905294511DF17447006F7029 /* Assets.xcassets */ = {isa = PBXFileReference; lastKnownFileType = folder.assetcatalog; path = Assets.xcassets; sourceTree = "<group>"; };
		905294541DF17447006F7029 /* Base */ = {isa = PBXFileReference; lastKnownFileType = file.storyboard; name = Base; path = Base.lproj/LaunchScreen.storyboard; sourceTree = "<group>"; };
		905294561DF17447006F7029 /* Info.plist */ = {isa = PBXFileReference; lastKnownFileType = text.plist.xml; path = Info.plist; sourceTree = "<group>"; };
/* End PBXFileReference section */

/* Begin PBXFrameworksBuildPhase section */
		9052943C1DF17446006F7029 /* Frameworks */ = {
			isa = PBXFrameworksBuildPhase;
			buildActionMask = 2147483647;
			files = (
			);
			runOnlyForDeploymentPostprocessing = 0;
		};
/* End PBXFrameworksBuildPhase section */

/* Begin PBXGroup section */
		905294361DF17446006F7029 = {
			isa = PBXGroup;
			children = (
				905294411DF17446006F7029 /* PracticeTest */,
				905294401DF17446006F7029 /* Products */,
			);
			sourceTree = "<group>";
		};
		905294401DF17446006F7029 /* Products */ = {
			isa = PBXGroup;
			children = (
				9052943F1DF17446006F7029 /* PracticeTest.app */,
			);
			name = Products;
			sourceTree = "<group>";
		};
		905294411DF17446006F7029 /* PracticeTest */ = {
			isa = PBXGroup;
			children = (
				905294451DF17446006F7029 /* AppDelegate.h */,
				905294461DF17446006F7029 /* AppDelegate.m */,
				905294481DF17446006F7029 /* ViewController.h */,
				905294491DF17446006F7029 /* ViewController.m */,
				9052944B1DF17446006F7029 /* Main.storyboard */,
				905294511DF17447006F7029 /* Assets.xcassets */,
				905294531DF17447006F7029 /* LaunchScreen.storyboard */,
				905294561DF17447006F7029 /* Info.plist */,
				9052944E1DF17446006F7029 /* PracticeTest.xcdatamodeld */,
				905294421DF17446006F7029 /* Supporting Files */,
			);
			path = PracticeTest;
			sourceTree = "<group>";
		};
		905294421DF17446006F7029 /* Supporting Files */ = {
			isa = PBXGroup;
			children = (
				905294431DF17446006F7029 /* main.m */,
			);
			name = "Supporting Files";
			sourceTree = "<group>";
		};
/* End PBXGroup section */

/* Begin PBXNativeTarget section */
		9052943E1DF17446006F7029 /* PracticeTest */ = {
			isa = PBXNativeTarget;
			buildConfigurationList = 905294591DF17447006F7029 /* Build configuration list for PBXNativeTarget "PracticeTest" */;
			buildPhases = (
				9052943B1DF17446006F7029 /* Sources */,
				9052943C1DF17446006F7029 /* Frameworks */,
				9052943D1DF17446006F7029 /* Resources */,
			);
			buildRules = (
			);
			dependencies = (
			);
			name = PracticeTest;
			productName = PracticeTest;
			productReference = 9052943F1DF17446006F7029 /* PracticeTest.app */;
			productType = "com.apple.product-type.application";
		};
/* End PBXNativeTarget section */

/* Begin PBXProject section */
		905294371DF17446006F7029 /* Project object */ = {
			isa = PBXProject;
			attributes = {
				LastUpgradeCheck = 0800;
				ORGANIZATIONNAME = "熊岩";
				TargetAttributes = {
					9052943E1DF17446006F7029 = {
						CreatedOnToolsVersion = 8.0;
						ProvisioningStyle = Automatic;
					};
				};
			};
			buildConfigurationList = 9052943A1DF17446006F7029 /* Build configuration list for PBXProject "PracticeTest" */;
			compatibilityVersion = "Xcode 3.2";
			developmentRegion = English;
			hasScannedForEncodings = 0;
			knownRegions = (
				en,
				Base,
			);
			mainGroup = 905294361DF17446006F7029;
			productRefGroup = 905294401DF17446006F7029 /* Products */;
			projectDirPath = "";
			projectRoot = "";
			targets = (
				9052943E1DF17446006F7029 /* PracticeTest */,
			);
		};
/* End PBXProject section */

/* Begin PBXResourcesBuildPhase section */
		9052943D1DF17446006F7029 /* Resources */ = {
			isa = PBXResourcesBuildPhase;
			buildActionMask = 2147483647;
			files = (
				905294551DF17447006F7029 /* LaunchScreen.storyboard in Resources */,
				905294521DF17447006F7029 /* Assets.xcassets in Resources */,
				9052944D1DF17446006F7029 /* Main.storyboard in Resources */,
			);
			runOnlyForDeploymentPostprocessing = 0;
		};
/* End PBXResourcesBuildPhase section */

/* Begin PBXSourcesBuildPhase section */
		9052943B1DF17446006F7029 /* Sources */ = {
			isa = PBXSourcesBuildPhase;
			buildActionMask = 2147483647;
			files = (
				905294501DF17446006F7029 /* PracticeTest.xcdatamodeld in Sources */,
				9052944A1DF17446006F7029 /* ViewController.m in Sources */,
				905294471DF17446006F7029 /* AppDelegate.m in Sources */,
				905294441DF17446006F7029 /* main.m in Sources */,
			);
			runOnlyForDeploymentPostprocessing = 0;
		};
/* End PBXSourcesBuildPhase section */

/* Begin PBXVariantGroup section */
		9052944B1DF17446006F7029 /* Main.storyboard */ = {
			isa = PBXVariantGroup;
			children = (
				9052944C1DF17446006F7029 /* Base */,
			);
			name = Main.storyboard;
			sourceTree = "<group>";
		};
		905294531DF17447006F7029 /* LaunchScreen.storyboard */ = {
			isa = PBXVariantGroup;
			children = (
				905294541DF17447006F7029 /* Base */,
			);
			name = LaunchScreen.storyboard;
			sourceTree = "<group>";
		};
/* End PBXVariantGroup section */

/* Begin XCBuildConfiguration section */
		905294571DF17447006F7029 /* Debug */ = {
			isa = XCBuildConfiguration;
			buildSettings = {
				ALWAYS_SEARCH_USER_PATHS = NO;
				CLANG_ANALYZER_NONNULL = YES;
				CLANG_CXX_LANGUAGE_STANDARD = "gnu++0x";
				CLANG_CXX_LIBRARY = "libc++";
				CLANG_ENABLE_MODULES = YES;
				CLANG_ENABLE_OBJC_ARC = YES;
				CLANG_WARN_BOOL_CONVERSION = YES;
				CLANG_WARN_CONSTANT_CONVERSION = YES;
				CLANG_WARN_DIRECT_OBJC_ISA_USAGE = YES_ERROR;
				CLANG_WARN_DOCUMENTATION_COMMENTS = YES;
				CLANG_WARN_EMPTY_BODY = YES;
				CLANG_WARN_ENUM_CONVERSION = YES;
				CLANG_WARN_INFINITE_RECURSION = YES;
				CLANG_WARN_INT_CONVERSION = YES;
				CLANG_WARN_OBJC_ROOT_CLASS = YES_ERROR;
				CLANG_WARN_SUSPICIOUS_MOVES = YES;
				CLANG_WARN_UNREACHABLE_CODE = YES;
				CLANG_WARN__DUPLICATE_METHOD_MATCH = YES;
				"CODE_SIGN_IDENTITY[sdk=iphoneos*]" = "iPhone Developer";
				COPY_PHASE_STRIP = NO;
				DEBUG_INFORMATION_FORMAT = dwarf;
				ENABLE_STRICT_OBJC_MSGSEND = YES;
				ENABLE_TESTABILITY = YES;
				GCC_C_LANGUAGE_STANDARD = gnu99;
				GCC_DYNAMIC_NO_PIC = NO;
				GCC_NO_COMMON_BLOCKS = YES;
				GCC_OPTIMIZATION_LEVEL = 0;
				GCC_PREPROCESSOR_DEFINITIONS = (
					"DEBUG=1",
					"$(inherited)",
				);
				GCC_WARN_64_TO_32_BIT_CONVERSION = YES;
				GCC_WARN_ABOUT_RETURN_TYPE = YES_ERROR;
				GCC_WARN_UNDECLARED_SELECTOR = YES;
				GCC_WARN_UNINITIALIZED_AUTOS = YES_AGGRESSIVE;
				GCC_WARN_UNUSED_FUNCTION = YES;
				GCC_WARN_UNUSED_VARIABLE = YES;
				IPHONEOS_DEPLOYMENT_TARGET = 10.0;
				MTL_ENABLE_DEBUG_INFO = YES;
				ONLY_ACTIVE_ARCH = YES;
				SDKROOT = iphoneos;
			};
			name = Debug;
		};
		905294581DF17447006F7029 /* Release */ = {
			isa = XCBuildConfiguration;
			buildSettings = {
				ALWAYS_SEARCH_USER_PATHS = NO;
				CLANG_ANALYZER_NONNULL = YES;
				CLANG_CXX_LANGUAGE_STANDARD = "gnu++0x";
				CLANG_CXX_LIBRARY = "libc++";
				CLANG_ENABLE_MODULES = YES;
				CLANG_ENABLE_OBJC_ARC = YES;
				CLANG_WARN_BOOL_CONVERSION = YES;
				CLANG_WARN_CONSTANT_CONVERSION = YES;
				CLANG_WARN_DIRECT_OBJC_ISA_USAGE = YES_ERROR;
				CLANG_WARN_DOCUMENTATION_COMMENTS = YES;
				CLANG_WARN_EMPTY_BODY = YES;
				CLANG_WARN_ENUM_CONVERSION = YES;
				CLANG_WARN_INFINITE_RECURSION = YES;
				CLANG_WARN_INT_CONVERSION = YES;
				CLANG_WARN_OBJC_ROOT_CLASS = YES_ERROR;
				CLANG_WARN_SUSPICIOUS_MOVES = YES;
				CLANG_WARN_UNREACHABLE_CODE = YES;
				CLANG_WARN__DUPLICATE_METHOD_MATCH = YES;
				"CODE_SIGN_IDENTITY[sdk=iphoneos*]" = "iPhone Developer";
				COPY_PHASE_STRIP = NO;
				DEBUG_INFORMATION_FORMAT = "dwarf-with-dsym";
				ENABLE_NS_ASSERTIONS = NO;
				ENABLE_STRICT_OBJC_MSGSEND = YES;
				GCC_C_LANGUAGE_STANDARD = gnu99;
				GCC_NO_COMMON_BLOCKS = YES;
				GCC_WARN_64_TO_32_BIT_CONVERSION = YES;
				GCC_WARN_ABOUT_RETURN_TYPE = YES_ERROR;
				GCC_WARN_UNDECLARED_SELECTOR = YES;
				GCC_WARN_UNINITIALIZED_AUTOS = YES_AGGRESSIVE;
				GCC_WARN_UNUSED_FUNCTION = YES;
				GCC_WARN_UNUSED_VARIABLE = YES;
				IPHONEOS_DEPLOYMENT_TARGET = 10.0;
				MTL_ENABLE_DEBUG_INFO = NO;
				SDKROOT = iphoneos;
				VALIDATE_PRODUCT = YES;
			};
			name = Release;
		};
		9052945A1DF17447006F7029 /* Debug */ = {
			isa = XCBuildConfiguration;
			buildSettings = {
				ASSETCATALOG_COMPILER_APPICON_NAME = AppIcon;
				INFOPLIST_FILE = PracticeTest/Info.plist;
				LD_RUNPATH_SEARCH_PATHS = "$(inherited) @executable_path/Frameworks";
				PRODUCT_BUNDLE_IDENTIFIER = cn.tedu.PracticeTest;
				PRODUCT_NAME = "$(TARGET_NAME)";
			};
			name = Debug;
		};
		9052945B1DF17447006F7029 /* Release */ = {
			isa = XCBuildConfiguration;
			buildSettings = {
				ASSETCATALOG_COMPILER_APPICON_NAME = AppIcon;
				INFOPLIST_FILE = PracticeTest/Info.plist;
				LD_RUNPATH_SEARCH_PATHS = "$(inherited) @executable_path/Frameworks";
				PRODUCT_BUNDLE_IDENTIFIER = cn.tedu.PracticeTest;
				PRODUCT_NAME = "$(TARGET_NAME)";
			};
			name = Release;
		};
/* End XCBuildConfiguration section */

/* Begin XCConfigurationList section */
		9052943A1DF17446006F7029 /* Build configuration list for PBXProject "PracticeTest" */ = {
			isa = XCConfigurationList;
			buildConfigurations = (
				905294571DF17447006F7029 /* Debug */,
				905294581DF17447006F7029 /* Release */,
			);
			defaultConfigurationIsVisible = 0;
			defaultConfigurationName = Release;
		};
		905294591DF17447006F7029 /* Build configuration list for PBXNativeTarget "PracticeTest" */ = {
			isa = XCConfigurationList;
			buildConfigurations = (
				9052945A1DF17447006F7029 /* Debug */,
				9052945B1DF17447006F7029 /* Release */,
			);
			defaultConfigurationIsVisible = 0;
		};
/* End XCConfigurationList section */

/* Begin XCVersionGroup section */
		9052944E1DF17446006F7029 /* PracticeTest.xcdatamodeld */ = {
			isa = XCVersionGroup;
			children = (
				9052944F1DF17446006F7029 /* PracticeTest.xcdatamodel */,
			);
			currentVersion = 9052944F1DF17446006F7029 /* PracticeTest.xcdatamodel */;
			path = PracticeTest.xcdatamodeld;
			sourceTree = "<group>";
			versionGroupType = wrapper.xcdatamodel;
		};
/* End XCVersionGroup section */
	};
	rootObject = 905294371DF17446006F7029 /* Project object */;
}
